
Microsoft Visual Studio Solution File, Format Version 12.00
# Visual Studio Version 17
VisualStudioVersion = 17.8.34330.188
MinimumVisualStudioVersion = 10.0.40219.1
Project("{FAE04EC0-301F-11D3-BF4B-00C04F79EFBC}") = "UmbracoOnatrixProject", "UmbracoOnatrixProject\UmbracoOnatrixProject.csproj", "{95384EA1-EA44-4ED1-87B0-CA7E18DC1E81}"
EndProject
Global
	GlobalSection(SolutionConfigurationPlatforms) = preSolution
		Debug|Any CPU = Debug|Any CPU
		Release|Any CPU = Release|Any CPU
	EndGlobalSection
	GlobalSection(ProjectConfigurationPlatforms) = postSolution
		{95384EA1-EA44-4ED1-87B0-CA7E18DC1E81}.Debug|Any CPU.ActiveCfg = Debug|Any CPU
		{95384EA1-EA44-4ED1-87B0-CA7E18DC1E81}.Debug|Any CPU.Build.0 = Debug|Any CPU
		{95384EA1-EA44-4ED1-87B0-CA7E18DC1E81}.Release|Any CPU.ActiveCfg = Release|Any CPU
		{95384EA1-EA44-4ED1-87B0-CA7E18DC1E81}.Release|Any CPU.Build.0 = Release|Any CPU
	EndGlobalSection
	GlobalSection(SolutionProperties) = preSolution
		HideSolutionNode = FALSE
	EndGlobalSection
	GlobalSection(ExtensibilityGlobals) = postSolution
		SolutionGuid = {C60BFAB2-46B2-45C6-952F-6CD0AE88459E}
	EndGlobalSection
EndGlobal
